
Microsoft Visual Studio Solution File, Format Version 12.00
# Visual Studio Version 16
VisualStudioVersion = 16.0.33529.622
MinimumVisualStudioVersion = 10.0.40219.1
Project("{FAE04EC0-301F-11D3-BF4B-00C04F79EFBC}") = "MacroSociety", "MacroSociety\MacroSociety.csproj", "{368D68B2-BAFF-4223-85E8-77BBA2CA7B0D}"
EndProject
Global
	GlobalSection(SolutionConfigurationPlatforms) = preSolution
		Debug|Any CPU = Debug|Any CPU
		Release|Any CPU = Release|Any CPU
	EndGlobalSection
	GlobalSection(ProjectConfigurationPlatforms) = postSolution
		{368D68B2-BAFF-4223-85E8-77BBA2CA7B0D}.Debug|Any CPU.ActiveCfg = Debug|Any CPU
		{368D68B2-BAFF-4223-85E8-77BBA2CA7B0D}.Debug|Any CPU.Build.0 = Debug|Any CPU
		{368D68B2-BAFF-4223-85E8-77BBA2CA7B0D}.Release|Any CPU.ActiveCfg = Release|Any CPU
		{368D68B2-BAFF-4223-85E8-77BBA2CA7B0D}.Release|Any CPU.Build.0 = Release|Any CPU
	EndGlobalSection
	GlobalSection(SolutionProperties) = preSolution
		HideSolutionNode = FALSE
	EndGlobalSection
	GlobalSection(ExtensibilityGlobals) = postSolution
		SolutionGuid = {E18AB47D-9F06-413B-9DA4-E1AD81A6A2EC}
	EndGlobalSection
EndGlobal
